// !$*UTF8*$!
{
	archiveVersion = 1;
	classes = {
	};
	objectVersion = 50;
	objects = {

/* Begin PBXBuildFile section */
		4271ACD823E884060041639C /* AppDelegate.swift in Sources */ = {isa = PBXBuildFile; fileRef = 4271ACD723E884060041639C /* AppDelegate.swift */; };
		4271ACDA23E884060041639C /* SceneDelegate.swift in Sources */ = {isa = PBXBuildFile; fileRef = 4271ACD923E884060041639C /* SceneDelegate.swift */; };
		4271ACDD23E884060041639C /* Croesus.xcdatamodeld in Sources */ = {isa = PBXBuildFile; fileRef = 4271ACDB23E884060041639C /* Croesus.xcdatamodeld */; };
		4271ACDF23E884060041639C /* MainView.swift in Sources */ = {isa = PBXBuildFile; fileRef = 4271ACDE23E884060041639C /* MainView.swift */; };
		4271ACE123E8840C0041639C /* Assets.xcassets in Resources */ = {isa = PBXBuildFile; fileRef = 4271ACE023E8840C0041639C /* Assets.xcassets */; };
		4271ACE423E8840C0041639C /* Preview Assets.xcassets in Resources */ = {isa = PBXBuildFile; fileRef = 4271ACE323E8840C0041639C /* Preview Assets.xcassets */; };
		4271ACE723E8840C0041639C /* LaunchScreen.storyboard in Resources */ = {isa = PBXBuildFile; fileRef = 4271ACE523E8840C0041639C /* LaunchScreen.storyboard */; };
		4271ACF223E8840D0041639C /* CroesusTests.swift in Sources */ = {isa = PBXBuildFile; fileRef = 4271ACF123E8840D0041639C /* CroesusTests.swift */; };
		4271ACFD23E8840D0041639C /* CroesusUITests.swift in Sources */ = {isa = PBXBuildFile; fileRef = 4271ACFC23E8840D0041639C /* CroesusUITests.swift */; };
		4271AD0D23E8879A0041639C /* Entities.swift in Sources */ = {isa = PBXBuildFile; fileRef = 4271AD0C23E887990041639C /* Entities.swift */; };
		4271AD1023E8891A0041639C /* AppService.swift in Sources */ = {isa = PBXBuildFile; fileRef = 4271AD0F23E8891A0041639C /* AppService.swift */; };
		4271AD1323E88B590041639C /* SummaryView.swift in Sources */ = {isa = PBXBuildFile; fileRef = 4271AD1223E88B590041639C /* SummaryView.swift */; };
		4271AD1523E88BAE0041639C /* QuestionsView.swift in Sources */ = {isa = PBXBuildFile; fileRef = 4271AD1423E88BAE0041639C /* QuestionsView.swift */; };
		4271AD1723E8938E0041639C /* CompletedSurveysView.swift in Sources */ = {isa = PBXBuildFile; fileRef = 4271AD1623E8938E0041639C /* CompletedSurveysView.swift */; };
		4271AD1923E8939C0041639C /* ProfileView.swift in Sources */ = {isa = PBXBuildFile; fileRef = 4271AD1823E8939C0041639C /* ProfileView.swift */; };
		4271AD1C23E8A5090041639C /* ImagePicker.swift in Sources */ = {isa = PBXBuildFile; fileRef = 4271AD1B23E8A5090041639C /* ImagePicker.swift */; };
		428E4D3723EB5E8800A37648 /* UpdateSurveyView.swift in Sources */ = {isa = PBXBuildFile; fileRef = 428E4D3623EB5E8800A37648 /* UpdateSurveyView.swift */; };
		428E4D3923EC0C9500A37648 /* UpdateSurveyVM.swift in Sources */ = {isa = PBXBuildFile; fileRef = 428E4D3823EC0C9500A37648 /* UpdateSurveyVM.swift */; };
		428E4D3C23EC15EE00A37648 /* ConnectionUtils.swift in Sources */ = {isa = PBXBuildFile; fileRef = 428E4D3B23EC15EE00A37648 /* ConnectionUtils.swift */; };
		428E4D3E23EC16D400A37648 /* NetworkProps.swift in Sources */ = {isa = PBXBuildFile; fileRef = 428E4D3D23EC16D400A37648 /* NetworkProps.swift */; };
		428E4D4023EC175900A37648 /* NetworkEvents.swift in Sources */ = {isa = PBXBuildFile; fileRef = 428E4D3F23EC175900A37648 /* NetworkEvents.swift */; };
		428E4D4223EC191C00A37648 /* Routes.swift in Sources */ = {isa = PBXBuildFile; fileRef = 428E4D4123EC191C00A37648 /* Routes.swift */; };
		428E4D4423EC1D1C00A37648 /* Cache.swift in Sources */ = {isa = PBXBuildFile; fileRef = 428E4D4323EC1D1C00A37648 /* Cache.swift */; };
		428E4D4623EC261900A37648 /* DataMocks.swift in Sources */ = {isa = PBXBuildFile; fileRef = 428E4D4523EC261900A37648 /* DataMocks.swift */; };
		42929E5123E9F84400A74D7A /* OngoingSurveys.swift in Sources */ = {isa = PBXBuildFile; fileRef = 42929E5023E9F84400A74D7A /* OngoingSurveys.swift */; };
		42929E5323E9F88400A74D7A /* DbContext.swift in Sources */ = {isa = PBXBuildFile; fileRef = 42929E5223E9F88400A74D7A /* DbContext.swift */; };
		42929E5523E9F9E700A74D7A /* SurveyItem.swift in Sources */ = {isa = PBXBuildFile; fileRef = 42929E5423E9F9E700A74D7A /* SurveyItem.swift */; };
		42929E5723E9FB0300A74D7A /* SurveyQuestion.swift in Sources */ = {isa = PBXBuildFile; fileRef = 42929E5623E9FB0300A74D7A /* SurveyQuestion.swift */; };
		42929E5923E9FF3E00A74D7A /* CompleteSurveyView.swift in Sources */ = {isa = PBXBuildFile; fileRef = 42929E5823E9FF3E00A74D7A /* CompleteSurveyView.swift */; };
		42929E5B23EA035900A74D7A /* CompleteSurveyVM.swift in Sources */ = {isa = PBXBuildFile; fileRef = 42929E5A23EA035900A74D7A /* CompleteSurveyVM.swift */; };
		42929E5D23EA167300A74D7A /* ApiServiceProtocol.swift in Sources */ = {isa = PBXBuildFile; fileRef = 42929E5C23EA167300A74D7A /* ApiServiceProtocol.swift */; };
		42929E5F23EA173600A74D7A /* ApiServiceImpl.swift in Sources */ = {isa = PBXBuildFile; fileRef = 42929E5E23EA173600A74D7A /* ApiServiceImpl.swift */; };
		42929E6323EA186300A74D7A /* SurveysRequest.swift in Sources */ = {isa = PBXBuildFile; fileRef = 42929E6223EA186300A74D7A /* SurveysRequest.swift */; };
		42929E6523EA188300A74D7A /* SurveysResponse.swift in Sources */ = {isa = PBXBuildFile; fileRef = 42929E6423EA188300A74D7A /* SurveysResponse.swift */; };
		42929E6723EA244700A74D7A /* ActivityIndicator.swift in Sources */ = {isa = PBXBuildFile; fileRef = 42929E6623EA244700A74D7A /* ActivityIndicator.swift */; };
		42F507DC23EC585B0009EFC2 /* ProfileVM.swift in Sources */ = {isa = PBXBuildFile; fileRef = 42F507DB23EC585B0009EFC2 /* ProfileVM.swift */; };
		42F507DF23EC5DB80009EFC2 /* QuestionVM.swift in Sources */ = {isa = PBXBuildFile; fileRef = 42F507DE23EC5DB80009EFC2 /* QuestionVM.swift */; };
/* End PBXBuildFile section */

/* Begin PBXContainerItemProxy section */
		4271ACEE23E8840D0041639C /* PBXContainerItemProxy */ = {
			isa = PBXContainerItemProxy;
			containerPortal = 4271ACCC23E884050041639C /* Project object */;
			proxyType = 1;
			remoteGlobalIDString = 4271ACD323E884060041639C;
			remoteInfo = Croesus;
		};
		4271ACF923E8840D0041639C /* PBXContainerItemProxy */ = {
			isa = PBXContainerItemProxy;
			containerPortal = 4271ACCC23E884050041639C /* Project object */;
			proxyType = 1;
			remoteGlobalIDString = 4271ACD323E884060041639C;
			remoteInfo = Croesus;
		};
/* End PBXContainerItemProxy section */

/* Begin PBXFileReference section */
		4271ACD423E884060041639C /* Croesus.app */ = {isa = PBXFileReference; explicitFileType = wrapper.application; includeInIndex = 0; path = Croesus.app; sourceTree = BUILT_PRODUCTS_DIR; };
		4271ACD723E884060041639C /* AppDelegate.swift */ = {isa = PBXFileReference; lastKnownFileType = sourcecode.swift; path = AppDelegate.swift; sourceTree = "<group>"; };
		4271ACD923E884060041639C /* SceneDelegate.swift */ = {isa = PBXFileReference; lastKnownFileType = sourcecode.swift; path = SceneDelegate.swift; sourceTree = "<group>"; };
		4271ACDC23E884060041639C /* Croesus.xcdatamodel */ = {isa = PBXFileReference; lastKnownFileType = wrapper.xcdatamodel; path = Croesus.xcdatamodel; sourceTree = "<group>"; };
		4271ACDE23E884060041639C /* MainView.swift */ = {isa = PBXFileReference; lastKnownFileType = sourcecode.swift; path = MainView.swift; sourceTree = "<group>"; };
		4271ACE023E8840C0041639C /* Assets.xcassets */ = {isa = PBXFileReference; lastKnownFileType = folder.assetcatalog; path = Assets.xcassets; sourceTree = "<group>"; };
		4271ACE323E8840C0041639C /* Preview Assets.xcassets */ = {isa = PBXFileReference; lastKnownFileType = folder.assetcatalog; path = "Preview Assets.xcassets"; sourceTree = "<group>"; };
		4271ACE623E8840C0041639C /* Base */ = {isa = PBXFileReference; lastKnownFileType = file.storyboard; name = Base; path = Base.lproj/LaunchScreen.storyboard; sourceTree = "<group>"; };
		4271ACE823E8840C0041639C /* Info.plist */ = {isa = PBXFileReference; lastKnownFileType = text.plist.xml; path = Info.plist; sourceTree = "<group>"; };
		4271ACED23E8840D0041639C /* CroesusTests.xctest */ = {isa = PBXFileReference; explicitFileType = wrapper.cfbundle; includeInIndex = 0; path = CroesusTests.xctest; sourceTree = BUILT_PRODUCTS_DIR; };
		4271ACF123E8840D0041639C /* CroesusTests.swift */ = {isa = PBXFileReference; lastKnownFileType = sourcecode.swift; path = CroesusTests.swift; sourceTree = "<group>"; };
		4271ACF323E8840D0041639C /* Info.plist */ = {isa = PBXFileReference; lastKnownFileType = text.plist.xml; path = Info.plist; sourceTree = "<group>"; };
		4271ACF823E8840D0041639C /* CroesusUITests.xctest */ = {isa = PBXFileReference; explicitFileType = wrapper.cfbundle; includeInIndex = 0; path = CroesusUITests.xctest; sourceTree = BUILT_PRODUCTS_DIR; };
		4271ACFC23E8840D0041639C /* CroesusUITests.swift */ = {isa = PBXFileReference; lastKnownFileType = sourcecode.swift; path = CroesusUITests.swift; sourceTree = "<group>"; };
		4271ACFE23E8840D0041639C /* Info.plist */ = {isa = PBXFileReference; lastKnownFileType = text.plist.xml; path = Info.plist; sourceTree = "<group>"; };
		4271AD0C23E887990041639C /* Entities.swift */ = {isa = PBXFileReference; lastKnownFileType = sourcecode.swift; path = Entities.swift; sourceTree = "<group>"; };
		4271AD0F23E8891A0041639C /* AppService.swift */ = {isa = PBXFileReference; lastKnownFileType = sourcecode.swift; path = AppService.swift; sourceTree = "<group>"; };
		4271AD1223E88B590041639C /* SummaryView.swift */ = {isa = PBXFileReference; lastKnownFileType = sourcecode.swift; path = SummaryView.swift; sourceTree = "<group>"; };
		4271AD1423E88BAE0041639C /* QuestionsView.swift */ = {isa = PBXFileReference; lastKnownFileType = sourcecode.swift; path = QuestionsView.swift; sourceTree = "<group>"; };
		4271AD1623E8938E0041639C /* CompletedSurveysView.swift */ = {isa = PBXFileReference; lastKnownFileType = sourcecode.swift; path = CompletedSurveysView.swift; sourceTree = "<group>"; };
		4271AD1823E8939C0041639C /* ProfileView.swift */ = {isa = PBXFileReference; lastKnownFileType = sourcecode.swift; path = ProfileView.swift; sourceTree = "<group>"; };
		4271AD1B23E8A5090041639C /* ImagePicker.swift */ = {isa = PBXFileReference; lastKnownFileType = sourcecode.swift; path = ImagePicker.swift; sourceTree = "<group>"; };
		428E4D3623EB5E8800A37648 /* UpdateSurveyView.swift */ = {isa = PBXFileReference; lastKnownFileType = sourcecode.swift; path = UpdateSurveyView.swift; sourceTree = "<group>"; };
		428E4D3823EC0C9500A37648 /* UpdateSurveyVM.swift */ = {isa = PBXFileReference; lastKnownFileType = sourcecode.swift; path = UpdateSurveyVM.swift; sourceTree = "<group>"; };
		428E4D3B23EC15EE00A37648 /* ConnectionUtils.swift */ = {isa = PBXFileReference; lastKnownFileType = sourcecode.swift; path = ConnectionUtils.swift; sourceTree = "<group>"; };
		428E4D3D23EC16D400A37648 /* NetworkProps.swift */ = {isa = PBXFileReference; lastKnownFileType = sourcecode.swift; path = NetworkProps.swift; sourceTree = "<group>"; };
		428E4D3F23EC175900A37648 /* NetworkEvents.swift */ = {isa = PBXFileReference; lastKnownFileType = sourcecode.swift; path = NetworkEvents.swift; sourceTree = "<group>"; };
		428E4D4123EC191C00A37648 /* Routes.swift */ = {isa = PBXFileReference; lastKnownFileType = sourcecode.swift; path = Routes.swift; sourceTree = "<group>"; };
		428E4D4323EC1D1C00A37648 /* Cache.swift */ = {isa = PBXFileReference; lastKnownFileType = sourcecode.swift; path = Cache.swift; sourceTree = "<group>"; };
		428E4D4523EC261900A37648 /* DataMocks.swift */ = {isa = PBXFileReference; lastKnownFileType = sourcecode.swift; path = DataMocks.swift; sourceTree = "<group>"; };
		42929E5023E9F84400A74D7A /* OngoingSurveys.swift */ = {isa = PBXFileReference; lastKnownFileType = sourcecode.swift; path = OngoingSurveys.swift; sourceTree = "<group>"; };
		42929E5223E9F88400A74D7A /* DbContext.swift */ = {isa = PBXFileReference; lastKnownFileType = sourcecode.swift; path = DbContext.swift; sourceTree = "<group>"; };
		42929E5423E9F9E700A74D7A /* SurveyItem.swift */ = {isa = PBXFileReference; lastKnownFileType = sourcecode.swift; path = SurveyItem.swift; sourceTree = "<group>"; };
		42929E5623E9FB0300A74D7A /* SurveyQuestion.swift */ = {isa = PBXFileReference; lastKnownFileType = sourcecode.swift; path = SurveyQuestion.swift; sourceTree = "<group>"; };
		42929E5823E9FF3E00A74D7A /* CompleteSurveyView.swift */ = {isa = PBXFileReference; lastKnownFileType = sourcecode.swift; path = CompleteSurveyView.swift; sourceTree = "<group>"; };
		42929E5A23EA035900A74D7A /* CompleteSurveyVM.swift */ = {isa = PBXFileReference; lastKnownFileType = sourcecode.swift; path = CompleteSurveyVM.swift; sourceTree = "<group>"; };
		42929E5C23EA167300A74D7A /* ApiServiceProtocol.swift */ = {isa = PBXFileReference; lastKnownFileType = sourcecode.swift; path = ApiServiceProtocol.swift; sourceTree = "<group>"; };
		42929E5E23EA173600A74D7A /* ApiServiceImpl.swift */ = {isa = PBXFileReference; lastKnownFileType = sourcecode.swift; path = ApiServiceImpl.swift; sourceTree = "<group>"; };
		42929E6223EA186300A74D7A /* SurveysRequest.swift */ = {isa = PBXFileReference; lastKnownFileType = sourcecode.swift; path = SurveysRequest.swift; sourceTree = "<group>"; };
		42929E6423EA188300A74D7A /* SurveysResponse.swift */ = {isa = PBXFileReference; lastKnownFileType = sourcecode.swift; path = SurveysResponse.swift; sourceTree = "<group>"; };
		42929E6623EA244700A74D7A /* ActivityIndicator.swift */ = {isa = PBXFileReference; lastKnownFileType = sourcecode.swift; path = ActivityIndicator.swift; sourceTree = "<group>"; };
		42F507DB23EC585B0009EFC2 /* ProfileVM.swift */ = {isa = PBXFileReference; lastKnownFileType = sourcecode.swift; path = ProfileVM.swift; sourceTree = "<group>"; };
		42F507DE23EC5DB80009EFC2 /* QuestionVM.swift */ = {isa = PBXFileReference; lastKnownFileType = sourcecode.swift; path = QuestionVM.swift; sourceTree = "<group>"; };
/* End PBXFileReference section */

/* Begin PBXFrameworksBuildPhase section */
		4271ACD123E884060041639C /* Frameworks */ = {
			isa = PBXFrameworksBuildPhase;
			buildActionMask = 2147483647;
			files = (
			);
			runOnlyForDeploymentPostprocessing = 0;
		};
		4271ACEA23E8840D0041639C /* Frameworks */ = {
			isa = PBXFrameworksBuildPhase;
			buildActionMask = 2147483647;
			files = (
			);
			runOnlyForDeploymentPostprocessing = 0;
		};
		4271ACF523E8840D0041639C /* Frameworks */ = {
			isa = PBXFrameworksBuildPhase;
			buildActionMask = 2147483647;
			files = (
			);
			runOnlyForDeploymentPostprocessing = 0;
		};
/* End PBXFrameworksBuildPhase section */

/* Begin PBXGroup section */
		4271ACCB23E884050041639C = {
			isa = PBXGroup;
			children = (
				4271ACD623E884060041639C /* Croesus */,
				4271ACF023E8840D0041639C /* CroesusTests */,
				4271ACFB23E8840D0041639C /* CroesusUITests */,
				4271ACD523E884060041639C /* Products */,
			);
			sourceTree = "<group>";
		};
		4271ACD523E884060041639C /* Products */ = {
			isa = PBXGroup;
			children = (
				4271ACD423E884060041639C /* Croesus.app */,
				4271ACED23E8840D0041639C /* CroesusTests.xctest */,
				4271ACF823E8840D0041639C /* CroesusUITests.xctest */,
			);
			name = Products;
			sourceTree = "<group>";
		};
		4271ACD623E884060041639C /* Croesus */ = {
			isa = PBXGroup;
			children = (
				4271AD1A23E8A4EE0041639C /* Presentables */,
				4271AD0E23E889080041639C /* Models */,
				4271AD0B23E887770041639C /* API */,
				428E4D3A23EC15D700A37648 /* Utils */,
				4271AD0A23E887670041639C /* DataStore */,
				4271ACD723E884060041639C /* AppDelegate.swift */,
				4271ACD923E884060041639C /* SceneDelegate.swift */,
				4271AD1123E88B380041639C /* Views */,
				4271ACE023E8840C0041639C /* Assets.xcassets */,
				4271ACE523E8840C0041639C /* LaunchScreen.storyboard */,
				4271ACE823E8840C0041639C /* Info.plist */,
				4271ACDB23E884060041639C /* Croesus.xcdatamodeld */,
				4271ACE223E8840C0041639C /* Preview Content */,
			);
			path = Croesus;
			sourceTree = "<group>";
		};
		4271ACE223E8840C0041639C /* Preview Content */ = {
			isa = PBXGroup;
			children = (
				4271ACE323E8840C0041639C /* Preview Assets.xcassets */,
			);
			path = "Preview Content";
			sourceTree = "<group>";
		};
		4271ACF023E8840D0041639C /* CroesusTests */ = {
			isa = PBXGroup;
			children = (
				4271ACF123E8840D0041639C /* CroesusTests.swift */,
				4271ACF323E8840D0041639C /* Info.plist */,
			);
			path = CroesusTests;
			sourceTree = "<group>";
		};
		4271ACFB23E8840D0041639C /* CroesusUITests */ = {
			isa = PBXGroup;
			children = (
				4271ACFC23E8840D0041639C /* CroesusUITests.swift */,
				4271ACFE23E8840D0041639C /* Info.plist */,
			);
			path = CroesusUITests;
			sourceTree = "<group>";
		};
		4271AD0A23E887670041639C /* DataStore */ = {
			isa = PBXGroup;
			children = (
				4271AD0C23E887990041639C /* Entities.swift */,
				42929E5223E9F88400A74D7A /* DbContext.swift */,
				428E4D4323EC1D1C00A37648 /* Cache.swift */,
				428E4D4523EC261900A37648 /* DataMocks.swift */,
			);
			path = DataStore;
			sourceTree = "<group>";
		};
		4271AD0B23E887770041639C /* API */ = {
			isa = PBXGroup;
			children = (
				42929E6123EA184300A74D7A /* Responses */,
				42929E6023EA183000A74D7A /* Requests */,
				42929E5C23EA167300A74D7A /* ApiServiceProtocol.swift */,
				42929E5E23EA173600A74D7A /* ApiServiceImpl.swift */,
				428E4D4123EC191C00A37648 /* Routes.swift */,
			);
			path = API;
			sourceTree = "<group>";
		};
		4271AD0E23E889080041639C /* Models */ = {
			isa = PBXGroup;
			children = (
				4271AD0F23E8891A0041639C /* AppService.swift */,
				42929E5423E9F9E700A74D7A /* SurveyItem.swift */,
				42929E5623E9FB0300A74D7A /* SurveyQuestion.swift */,
			);
			path = Models;
			sourceTree = "<group>";
		};
		4271AD1123E88B380041639C /* Views */ = {
			isa = PBXGroup;
			children = (
				4271ACDE23E884060041639C /* MainView.swift */,
				4271AD1223E88B590041639C /* SummaryView.swift */,
				42F507DD23EC5D430009EFC2 /* Questions */,
				42929E4F23E9F82800A74D7A /* Surveys */,
				428E4D4823EC57C400A37648 /* Admin */,
			);
			path = Views;
			sourceTree = "<group>";
		};
		4271AD1A23E8A4EE0041639C /* Presentables */ = {
			isa = PBXGroup;
			children = (
				4271AD1B23E8A5090041639C /* ImagePicker.swift */,
				42929E6623EA244700A74D7A /* ActivityIndicator.swift */,
			);
			path = Presentables;
			sourceTree = "<group>";
		};
		428E4D3A23EC15D700A37648 /* Utils */ = {
			isa = PBXGroup;
			children = (
				428E4D3B23EC15EE00A37648 /* ConnectionUtils.swift */,
				428E4D3D23EC16D400A37648 /* NetworkProps.swift */,
				428E4D3F23EC175900A37648 /* NetworkEvents.swift */,
			);
			path = Utils;
			sourceTree = "<group>";
		};
		428E4D4823EC57C400A37648 /* Admin */ = {
			isa = PBXGroup;
			children = (
				4271AD1823E8939C0041639C /* ProfileView.swift */,
				42F507DB23EC585B0009EFC2 /* ProfileVM.swift */,
			);
			path = Admin;
			sourceTree = "<group>";
		};
		42929E4F23E9F82800A74D7A /* Surveys */ = {
			isa = PBXGroup;
			children = (
				42929E5823E9FF3E00A74D7A /* CompleteSurveyView.swift */,
				4271AD1623E8938E0041639C /* CompletedSurveysView.swift */,
				42929E5023E9F84400A74D7A /* OngoingSurveys.swift */,
				42929E5A23EA035900A74D7A /* CompleteSurveyVM.swift */,
				428E4D3623EB5E8800A37648 /* UpdateSurveyView.swift */,
				428E4D3823EC0C9500A37648 /* UpdateSurveyVM.swift */,
			);
			path = Surveys;
			sourceTree = "<group>";
		};
		42929E6023EA183000A74D7A /* Requests */ = {
			isa = PBXGroup;
			children = (
				42929E6223EA186300A74D7A /* SurveysRequest.swift */,
			);
			path = Requests;
			sourceTree = "<group>";
		};
		42929E6123EA184300A74D7A /* Responses */ = {
			isa = PBXGroup;
			children = (
				42929E6423EA188300A74D7A /* SurveysResponse.swift */,
			);
			path = Responses;
			sourceTree = "<group>";
		};
		42F507DD23EC5D430009EFC2 /* Questions */ = {
			isa = PBXGroup;
			children = (
				4271AD1423E88BAE0041639C /* QuestionsView.swift */,
				42F507DE23EC5DB80009EFC2 /* QuestionVM.swift */,
			);
			path = Questions;
			sourceTree = "<group>";
		};
/* End PBXGroup section */

/* Begin PBXNativeTarget section */
		4271ACD323E884060041639C /* Croesus */ = {
			isa = PBXNativeTarget;
			buildConfigurationList = 4271AD0123E8840D0041639C /* Build configuration list for PBXNativeTarget "Croesus" */;
			buildPhases = (
				4271ACD023E884060041639C /* Sources */,
				4271ACD123E884060041639C /* Frameworks */,
				4271ACD223E884060041639C /* Resources */,
			);
			buildRules = (
			);
			dependencies = (
			);
			name = Croesus;
			productName = Croesus;
			productReference = 4271ACD423E884060041639C /* Croesus.app */;
			productType = "com.apple.product-type.application";
		};
		4271ACEC23E8840D0041639C /* CroesusTests */ = {
			isa = PBXNativeTarget;
			buildConfigurationList = 4271AD0423E8840D0041639C /* Build configuration list for PBXNativeTarget "CroesusTests" */;
			buildPhases = (
				4271ACE923E8840D0041639C /* Sources */,
				4271ACEA23E8840D0041639C /* Frameworks */,
				4271ACEB23E8840D0041639C /* Resources */,
			);
			buildRules = (
			);
			dependencies = (
				4271ACEF23E8840D0041639C /* PBXTargetDependency */,
			);
			name = CroesusTests;
			productName = CroesusTests;
			productReference = 4271ACED23E8840D0041639C /* CroesusTests.xctest */;
			productType = "com.apple.product-type.bundle.unit-test";
		};
		4271ACF723E8840D0041639C /* CroesusUITests */ = {
			isa = PBXNativeTarget;
			buildConfigurationList = 4271AD0723E8840D0041639C /* Build configuration list for PBXNativeTarget "CroesusUITests" */;
			buildPhases = (
				4271ACF423E8840D0041639C /* Sources */,
				4271ACF523E8840D0041639C /* Frameworks */,
				4271ACF623E8840D0041639C /* Resources */,
			);
			buildRules = (
			);
			dependencies = (
				4271ACFA23E8840D0041639C /* PBXTargetDependency */,
			);
			name = CroesusUITests;
			productName = CroesusUITests;
			productReference = 4271ACF823E8840D0041639C /* CroesusUITests.xctest */;
			productType = "com.apple.product-type.bundle.ui-testing";
		};
/* End PBXNativeTarget section */

/* Begin PBXProject section */
		4271ACCC23E884050041639C /* Project object */ = {
			isa = PBXProject;
			attributes = {
				LastSwiftUpdateCheck = 1130;
				LastUpgradeCheck = 1130;
				ORGANIZATIONNAME = "Triglobe Soft Solutions";
				TargetAttributes = {
					4271ACD323E884060041639C = {
						CreatedOnToolsVersion = 11.3.1;
					};
					4271ACEC23E8840D0041639C = {
						CreatedOnToolsVersion = 11.3.1;
						TestTargetID = 4271ACD323E884060041639C;
					};
					4271ACF723E8840D0041639C = {
						CreatedOnToolsVersion = 11.3.1;
						TestTargetID = 4271ACD323E884060041639C;
					};
				};
			};
			buildConfigurationList = 4271ACCF23E884050041639C /* Build configuration list for PBXProject "Croesus" */;
			compatibilityVersion = "Xcode 9.3";
			developmentRegion = en;
			hasScannedForEncodings = 0;
			knownRegions = (
				en,
				Base,
			);
			mainGroup = 4271ACCB23E884050041639C;
			productRefGroup = 4271ACD523E884060041639C /* Products */;
			projectDirPath = "";
			projectRoot = "";
			targets = (
				4271ACD323E884060041639C /* Croesus */,
				4271ACEC23E8840D0041639C /* CroesusTests */,
				4271ACF723E8840D0041639C /* CroesusUITests */,
			);
		};
/* End PBXProject section */

/* Begin PBXResourcesBuildPhase section */
		4271ACD223E884060041639C /* Resources */ = {
			isa = PBXResourcesBuildPhase;
			buildActionMask = 2147483647;
			files = (
				4271ACE723E8840C0041639C /* LaunchScreen.storyboard in Resources */,
				4271ACE423E8840C0041639C /* Preview Assets.xcassets in Resources */,
				4271ACE123E8840C0041639C /* Assets.xcassets in Resources */,
			);
			runOnlyForDeploymentPostprocessing = 0;
		};
		4271ACEB23E8840D0041639C /* Resources */ = {
			isa = PBXResourcesBuildPhase;
			buildActionMask = 2147483647;
			files = (
			);
			runOnlyForDeploymentPostprocessing = 0;
		};
		4271ACF623E8840D0041639C /* Resources */ = {
			isa = PBXResourcesBuildPhase;
			buildActionMask = 2147483647;
			files = (
			);
			runOnlyForDeploymentPostprocessing = 0;
		};
/* End PBXResourcesBuildPhase section */

/* Begin PBXSourcesBuildPhase section */
		4271ACD023E884060041639C /* Sources */ = {
			isa = PBXSourcesBuildPhase;
			buildActionMask = 2147483647;
			files = (
				428E4D3E23EC16D400A37648 /* NetworkProps.swift in Sources */,
				428E4D4223EC191C00A37648 /* Routes.swift in Sources */,
				4271ACD823E884060041639C /* AppDelegate.swift in Sources */,
				4271AD1323E88B590041639C /* SummaryView.swift in Sources */,
				42929E5523E9F9E700A74D7A /* SurveyItem.swift in Sources */,
				4271AD1923E8939C0041639C /* ProfileView.swift in Sources */,
				42F507DF23EC5DB80009EFC2 /* QuestionVM.swift in Sources */,
				42929E5723E9FB0300A74D7A /* SurveyQuestion.swift in Sources */,
				428E4D4023EC175900A37648 /* NetworkEvents.swift in Sources */,
				42929E5923E9FF3E00A74D7A /* CompleteSurveyView.swift in Sources */,
				4271AD1023E8891A0041639C /* AppService.swift in Sources */,
				42929E6523EA188300A74D7A /* SurveysResponse.swift in Sources */,
				4271AD1723E8938E0041639C /* CompletedSurveysView.swift in Sources */,
				42F507DC23EC585B0009EFC2 /* ProfileVM.swift in Sources */,
				42929E5B23EA035900A74D7A /* CompleteSurveyVM.swift in Sources */,
				42929E5323E9F88400A74D7A /* DbContext.swift in Sources */,
				428E4D3923EC0C9500A37648 /* UpdateSurveyVM.swift in Sources */,
				42929E5123E9F84400A74D7A /* OngoingSurveys.swift in Sources */,
				42929E5F23EA173600A74D7A /* ApiServiceImpl.swift in Sources */,
				4271ACDD23E884060041639C /* Croesus.xcdatamodeld in Sources */,
				428E4D3723EB5E8800A37648 /* UpdateSurveyView.swift in Sources */,
				42929E6323EA186300A74D7A /* SurveysRequest.swift in Sources */,
				4271AD1523E88BAE0041639C /* QuestionsView.swift in Sources */,
				42929E6723EA244700A74D7A /* ActivityIndicator.swift in Sources */,
				4271AD1C23E8A5090041639C /* ImagePicker.swift in Sources */,
				42929E5D23EA167300A74D7A /* ApiServiceProtocol.swift in Sources */,
				428E4D3C23EC15EE00A37648 /* ConnectionUtils.swift in Sources */,
				4271AD0D23E8879A0041639C /* Entities.swift in Sources */,
				4271ACDF23E884060041639C /* MainView.swift in Sources */,
				4271ACDA23E884060041639C /* SceneDelegate.swift in Sources */,
				428E4D4423EC1D1C00A37648 /* Cache.swift in Sources */,
				428E4D4623EC261900A37648 /* DataMocks.swift in Sources */,
			);
			runOnlyForDeploymentPostprocessing = 0;
		};
		4271ACE923E8840D0041639C /* Sources */ = {
			isa = PBXSourcesBuildPhase;
			buildActionMask = 2147483647;
			files = (
				4271ACF223E8840D0041639C /* CroesusTests.swift in Sources */,
			);
			runOnlyForDeploymentPostprocessing = 0;
		};
		4271ACF423E8840D0041639C /* Sources */ = {
			isa = PBXSourcesBuildPhase;
			buildActionMask = 2147483647;
			files = (
				4271ACFD23E8840D0041639C /* CroesusUITests.swift in Sources */,
			);
			runOnlyForDeploymentPostprocessing = 0;
		};
/* End PBXSourcesBuildPhase section */

/* Begin PBXTargetDependency section */
		4271ACEF23E8840D0041639C /* PBXTargetDependency */ = {
			isa = PBXTargetDependency;
			target = 4271ACD323E884060041639C /* Croesus */;
			targetProxy = 4271ACEE23E8840D0041639C /* PBXContainerItemProxy */;
		};
		4271ACFA23E8840D0041639C /* PBXTargetDependency */ = {
			isa = PBXTargetDependency;
			target = 4271ACD323E884060041639C /* Croesus */;
			targetProxy = 4271ACF923E8840D0041639C /* PBXContainerItemProxy */;
		};
/* End PBXTargetDependency section */

/* Begin PBXVariantGroup section */
		4271ACE523E8840C0041639C /* LaunchScreen.storyboard */ = {
			isa = PBXVariantGroup;
			children = (
				4271ACE623E8840C0041639C /* Base */,
			);
			name = LaunchScreen.storyboard;
			sourceTree = "<group>";
		};
/* End PBXVariantGroup section */

/* Begin XCBuildConfiguration section */
		4271ACFF23E8840D0041639C /* Debug */ = {
			isa = XCBuildConfiguration;
			buildSettings = {
				ALWAYS_SEARCH_USER_PATHS = NO;
				CLANG_ANALYZER_NONNULL = YES;
				CLANG_ANALYZER_NUMBER_OBJECT_CONVERSION = YES_AGGRESSIVE;
				CLANG_CXX_LANGUAGE_STANDARD = "gnu++14";
				CLANG_CXX_LIBRARY = "libc++";
				CLANG_ENABLE_MODULES = YES;
				CLANG_ENABLE_OBJC_ARC = YES;
				CLANG_ENABLE_OBJC_WEAK = YES;
				CLANG_WARN_BLOCK_CAPTURE_AUTORELEASING = YES;
				CLANG_WARN_BOOL_CONVERSION = YES;
				CLANG_WARN_COMMA = YES;
				CLANG_WARN_CONSTANT_CONVERSION = YES;
				CLANG_WARN_DEPRECATED_OBJC_IMPLEMENTATIONS = YES;
				CLANG_WARN_DIRECT_OBJC_ISA_USAGE = YES_ERROR;
				CLANG_WARN_DOCUMENTATION_COMMENTS = YES;
				CLANG_WARN_EMPTY_BODY = YES;
				CLANG_WARN_ENUM_CONVERSION = YES;
				CLANG_WARN_INFINITE_RECURSION = YES;
				CLANG_WARN_INT_CONVERSION = YES;
				CLANG_WARN_NON_LITERAL_NULL_CONVERSION = YES;
				CLANG_WARN_OBJC_IMPLICIT_RETAIN_SELF = YES;
				CLANG_WARN_OBJC_LITERAL_CONVERSION = YES;
				CLANG_WARN_OBJC_ROOT_CLASS = YES_ERROR;
				CLANG_WARN_RANGE_LOOP_ANALYSIS = YES;
				CLANG_WARN_STRICT_PROTOTYPES = YES;
				CLANG_WARN_SUSPICIOUS_MOVE = YES;
				CLANG_WARN_UNGUARDED_AVAILABILITY = YES_AGGRESSIVE;
				CLANG_WARN_UNREACHABLE_CODE = YES;
				CLANG_WARN__DUPLICATE_METHOD_MATCH = YES;
				COPY_PHASE_STRIP = NO;
				DEBUG_INFORMATION_FORMAT = dwarf;
				ENABLE_STRICT_OBJC_MSGSEND = YES;
				ENABLE_TESTABILITY = YES;
				GCC_C_LANGUAGE_STANDARD = gnu11;
				GCC_DYNAMIC_NO_PIC = NO;
				GCC_NO_COMMON_BLOCKS = YES;
				GCC_OPTIMIZATION_LEVEL = 0;
				GCC_PREPROCESSOR_DEFINITIONS = (
					"DEBUG=1",
					"$(inherited)",
				);
				GCC_WARN_64_TO_32_BIT_CONVERSION = YES;
				GCC_WARN_ABOUT_RETURN_TYPE = YES_ERROR;
				GCC_WARN_UNDECLARED_SELECTOR = YES;
				GCC_WARN_UNINITIALIZED_AUTOS = YES_AGGRESSIVE;
				GCC_WARN_UNUSED_FUNCTION = YES;
				GCC_WARN_UNUSED_VARIABLE = YES;
				IPHONEOS_DEPLOYMENT_TARGET = 13.2;
				MTL_ENABLE_DEBUG_INFO = INCLUDE_SOURCE;
				MTL_FAST_MATH = YES;
				ONLY_ACTIVE_ARCH = YES;
				SDKROOT = iphoneos;
				SWIFT_ACTIVE_COMPILATION_CONDITIONS = DEBUG;
				SWIFT_OPTIMIZATION_LEVEL = "-Onone";
			};
			name = Debug;
		};
		4271AD0023E8840D0041639C /* Release */ = {
			isa = XCBuildConfiguration;
			buildSettings = {
				ALWAYS_SEARCH_USER_PATHS = NO;
				CLANG_ANALYZER_NONNULL = YES;
				CLANG_ANALYZER_NUMBER_OBJECT_CONVERSION = YES_AGGRESSIVE;
				CLANG_CXX_LANGUAGE_STANDARD = "gnu++14";
				CLANG_CXX_LIBRARY = "libc++";
				CLANG_ENABLE_MODULES = YES;
				CLANG_ENABLE_OBJC_ARC = YES;
				CLANG_ENABLE_OBJC_WEAK = YES;
				CLANG_WARN_BLOCK_CAPTURE_AUTORELEASING = YES;
				CLANG_WARN_BOOL_CONVERSION = YES;
				CLANG_WARN_COMMA = YES;
				CLANG_WARN_CONSTANT_CONVERSION = YES;
				CLANG_WARN_DEPRECATED_OBJC_IMPLEMENTATIONS = YES;
				CLANG_WARN_DIRECT_OBJC_ISA_USAGE = YES_ERROR;
				CLANG_WARN_DOCUMENTATION_COMMENTS = YES;
				CLANG_WARN_EMPTY_BODY = YES;
				CLANG_WARN_ENUM_CONVERSION = YES;
				CLANG_WARN_INFINITE_RECURSION = YES;
				CLANG_WARN_INT_CONVERSION = YES;
				CLANG_WARN_NON_LITERAL_NULL_CONVERSION = YES;
				CLANG_WARN_OBJC_IMPLICIT_RETAIN_SELF = YES;
				CLANG_WARN_OBJC_LITERAL_CONVERSION = YES;
				CLANG_WARN_OBJC_ROOT_CLASS = YES_ERROR;
				CLANG_WARN_RANGE_LOOP_ANALYSIS = YES;
				CLANG_WARN_STRICT_PROTOTYPES = YES;
				CLANG_WARN_SUSPICIOUS_MOVE = YES;
				CLANG_WARN_UNGUARDED_AVAILABILITY = YES_AGGRESSIVE;
				CLANG_WARN_UNREACHABLE_CODE = YES;
				CLANG_WARN__DUPLICATE_METHOD_MATCH = YES;
				COPY_PHASE_STRIP = NO;
				DEBUG_INFORMATION_FORMAT = "dwarf-with-dsym";
				ENABLE_NS_ASSERTIONS = NO;
				ENABLE_STRICT_OBJC_MSGSEND = YES;
				GCC_C_LANGUAGE_STANDARD = gnu11;
				GCC_NO_COMMON_BLOCKS = YES;
				GCC_WARN_64_TO_32_BIT_CONVERSION = YES;
				GCC_WARN_ABOUT_RETURN_TYPE = YES_ERROR;
				GCC_WARN_UNDECLARED_SELECTOR = YES;
				GCC_WARN_UNINITIALIZED_AUTOS = YES_AGGRESSIVE;
				GCC_WARN_UNUSED_FUNCTION = YES;
				GCC_WARN_UNUSED_VARIABLE = YES;
				IPHONEOS_DEPLOYMENT_TARGET = 13.2;
				MTL_ENABLE_DEBUG_INFO = NO;
				MTL_FAST_MATH = YES;
				SDKROOT = iphoneos;
				SWIFT_COMPILATION_MODE = wholemodule;
				SWIFT_OPTIMIZATION_LEVEL = "-O";
				VALIDATE_PRODUCT = YES;
			};
			name = Release;
		};
		4271AD0223E8840D0041639C /* Debug */ = {
			isa = XCBuildConfiguration;
			buildSettings = {
				ASSETCATALOG_COMPILER_APPICON_NAME = AppIcon;
				CODE_SIGN_STYLE = Automatic;
				CURRENT_PROJECT_VERSION = 2;
				DEVELOPMENT_ASSET_PATHS = "\"Croesus/Preview Content\"";
				DEVELOPMENT_TEAM = 66K8QAX39K;
				ENABLE_PREVIEWS = YES;
				INFOPLIST_FILE = Croesus/Info.plist;
				LD_RUNPATH_SEARCH_PATHS = (
					"$(inherited)",
					"@executable_path/Frameworks",
				);
				PRODUCT_BUNDLE_IDENTIFIER = ekenya.devops.svtest;
				PRODUCT_NAME = "$(TARGET_NAME)";
				SWIFT_VERSION = 5.0;
				TARGETED_DEVICE_FAMILY = "1,2";
			};
			name = Debug;
		};
		4271AD0323E8840D0041639C /* Release */ = {
			isa = XCBuildConfiguration;
			buildSettings = {
				ASSETCATALOG_COMPILER_APPICON_NAME = AppIcon;
				CODE_SIGN_STYLE = Automatic;
				CURRENT_PROJECT_VERSION = 2;
				DEVELOPMENT_ASSET_PATHS = "\"Croesus/Preview Content\"";
				DEVELOPMENT_TEAM = 66K8QAX39K;
				ENABLE_PREVIEWS = YES;
				INFOPLIST_FILE = Croesus/Info.plist;
				LD_RUNPATH_SEARCH_PATHS = (
					"$(inherited)",
					"@executable_path/Frameworks",
				);
				PRODUCT_BUNDLE_IDENTIFIER = ekenya.devops.svtest;
				PRODUCT_NAME = "$(TARGET_NAME)";
				SWIFT_VERSION = 5.0;
				TARGETED_DEVICE_FAMILY = "1,2";
			};
			name = Release;
		};
		4271AD0523E8840D0041639C /* Debug */ = {
			isa = XCBuildConfiguration;
			buildSettings = {
				ALWAYS_EMBED_SWIFT_STANDARD_LIBRARIES = YES;
				BUNDLE_LOADER = "$(TEST_HOST)";
				CODE_SIGN_STYLE = Automatic;
				DEVELOPMENT_TEAM = 4JQZA7Q9CA;
				INFOPLIST_FILE = CroesusTests/Info.plist;
				IPHONEOS_DEPLOYMENT_TARGET = 13.2;
				LD_RUNPATH_SEARCH_PATHS = (
					"$(inherited)",
					"@executable_path/Frameworks",
					"@loader_path/Frameworks",
				);
				PRODUCT_BUNDLE_IDENTIFIER = com.bkss.ios.CroesusTests;
				PRODUCT_NAME = "$(TARGET_NAME)";
				SWIFT_VERSION = 5.0;
				TARGETED_DEVICE_FAMILY = "1,2";
				TEST_HOST = "$(BUILT_PRODUCTS_DIR)/Croesus.app/Croesus";
			};
			name = Debug;
		};
		4271AD0623E8840D0041639C /* Release */ = {
			isa = XCBuildConfiguration;
			buildSettings = {
				ALWAYS_EMBED_SWIFT_STANDARD_LIBRARIES = YES;
				BUNDLE_LOADER = "$(TEST_HOST)";
				CODE_SIGN_STYLE = Automatic;
				DEVELOPMENT_TEAM = 4JQZA7Q9CA;
				INFOPLIST_FILE = CroesusTests/Info.plist;
				IPHONEOS_DEPLOYMENT_TARGET = 13.2;
				LD_RUNPATH_SEARCH_PATHS = (
					"$(inherited)",
					"@executable_path/Frameworks",
					"@loader_path/Frameworks",
				);
				PRODUCT_BUNDLE_IDENTIFIER = com.bkss.ios.CroesusTests;
				PRODUCT_NAME = "$(TARGET_NAME)";
				SWIFT_VERSION = 5.0;
				TARGETED_DEVICE_FAMILY = "1,2";
				TEST_HOST = "$(BUILT_PRODUCTS_DIR)/Croesus.app/Croesus";
			};
			name = Release;
		};
		4271AD0823E8840D0041639C /* Debug */ = {
			isa = XCBuildConfiguration;
			buildSettings = {
				ALWAYS_EMBED_SWIFT_STANDARD_LIBRARIES = YES;
				CODE_SIGN_STYLE = Automatic;
				DEVELOPMENT_TEAM = 4JQZA7Q9CA;
				INFOPLIST_FILE = CroesusUITests/Info.plist;
				LD_RUNPATH_SEARCH_PATHS = (
					"$(inherited)",
					"@executable_path/Frameworks",
					"@loader_path/Frameworks",
				);
				PRODUCT_BUNDLE_IDENTIFIER = com.bkss.ios.CroesusUITests;
				PRODUCT_NAME = "$(TARGET_NAME)";
				SWIFT_VERSION = 5.0;
				TARGETED_DEVICE_FAMILY = "1,2";
				TEST_TARGET_NAME = Croesus;
			};
			name = Debug;
		};
		4271AD0923E8840D0041639C /* Release */ = {
			isa = XCBuildConfiguration;
			buildSettings = {
				ALWAYS_EMBED_SWIFT_STANDARD_LIBRARIES = YES;
				CODE_SIGN_STYLE = Automatic;
				DEVELOPMENT_TEAM = 4JQZA7Q9CA;
				INFOPLIST_FILE = CroesusUITests/Info.plist;
				LD_RUNPATH_SEARCH_PATHS = (
					"$(inherited)",
					"@executable_path/Frameworks",
					"@loader_path/Frameworks",
				);
				PRODUCT_BUNDLE_IDENTIFIER = com.bkss.ios.CroesusUITests;
				PRODUCT_NAME = "$(TARGET_NAME)";
				SWIFT_VERSION = 5.0;
				TARGETED_DEVICE_FAMILY = "1,2";
				TEST_TARGET_NAME = Croesus;
			};
			name = Release;
		};
/* End XCBuildConfiguration section */

/* Begin XCConfigurationList section */
		4271ACCF23E884050041639C /* Build configuration list for PBXProject "Croesus" */ = {
			isa = XCConfigurationList;
			buildConfigurations = (
				4271ACFF23E8840D0041639C /* Debug */,
				4271AD0023E8840D0041639C /* Release */,
			);
			defaultConfigurationIsVisible = 0;
			defaultConfigurationName = Release;
		};
		4271AD0123E8840D0041639C /* Build configuration list for PBXNativeTarget "Croesus" */ = {
			isa = XCConfigurationList;
			buildConfigurations = (
				4271AD0223E8840D0041639C /* Debug */,
				4271AD0323E8840D0041639C /* Release */,
			);
			defaultConfigurationIsVisible = 0;
			defaultConfigurationName = Release;
		};
		4271AD0423E8840D0041639C /* Build configuration list for PBXNativeTarget "CroesusTests" */ = {
			isa = XCConfigurationList;
			buildConfigurations = (
				4271AD0523E8840D0041639C /* Debug */,
				4271AD0623E8840D0041639C /* Release */,
			);
			defaultConfigurationIsVisible = 0;
			defaultConfigurationName = Release;
		};
		4271AD0723E8840D0041639C /* Build configuration list for PBXNativeTarget "CroesusUITests" */ = {
			isa = XCConfigurationList;
			buildConfigurations = (
				4271AD0823E8840D0041639C /* Debug */,
				4271AD0923E8840D0041639C /* Release */,
			);
			defaultConfigurationIsVisible = 0;
			defaultConfigurationName = Release;
		};
/* End XCConfigurationList section */

/* Begin XCVersionGroup section */
		4271ACDB23E884060041639C /* Croesus.xcdatamodeld */ = {
			isa = XCVersionGroup;
			children = (
				4271ACDC23E884060041639C /* Croesus.xcdatamodel */,
			);
			currentVersion = 4271ACDC23E884060041639C /* Croesus.xcdatamodel */;
			path = Croesus.xcdatamodeld;
			sourceTree = "<group>";
			versionGroupType = wrapper.xcdatamodel;
		};
/* End XCVersionGroup section */
	};
	rootObject = 4271ACCC23E884050041639C /* Project object */;
}
